<?xml version="1.0" encoding="UTF-8" standalone="yes" ?>
<CodeBlocks_project_file>
	<FileVersion major="1" minor="6" />
	<Project>
		<Option title="arawplayer" />
		<Option pch_mode="2" />
		<Option compiler="gcc" />
		<Build>
			<Target title="Debug">
				<Option output="../arawplayer" prefix_auto="1" extension_auto="1" />
				<Option working_dir="../" />
				<Option object_output="../obj/Debug" />
				<Option type="1" />
				<Option compiler="gcc" />
				<Compiler>
					<Add option="-g" />
				</Compiler>
			</Target>
			<Target title="Release">
				<Option output="../arawplayer" prefix_auto="1" extension_auto="1" />
				<Option working_dir="../" />
				<Option object_output="../obj/Release/" />
				<Option type="1" />
				<Option compiler="gcc" />
				<Compiler>
					<Add option="-O2" />
				</Compiler>
				<Linker>
					<Add option="-s" />
				</Linker>
			</Target>
			<Target title="ChipDebug">
				<Option output="../arawplayer" prefix_auto="1" extension_auto="1" />
				<Option working_dir="../" />
				<Option object_output="../obj/Debug" />
				<Option type="1" />
				<Option compiler="gcc" />
				<Compiler>
					<Add option="-g" />
				</Compiler>
			</Target>
		</Build>
		<Compiler>
			<Add option="-Wextra" />
			<Add option="-Wall" />
		</Compiler>
		<Unit filename="../src/chipemu/debug.c">
			<Option compilerVar="CC" />
			<Option target="ChipDebug" />
		</Unit>
		<Unit filename="../src/chipemu/debug.h" />
		<Unit filename="../src/chipemu/debugmain.c">
			<Option compilerVar="CC" />
			<Option target="ChipDebug" />
		</Unit>
		<Unit filename="../src/chipemu/envelope/key_scale.c">
			<Option compilerVar="CC" />
		</Unit>
		<Unit filename="../src/chipemu/envelope/key_scale.h" />
		<Unit filename="../src/chipemu/envelope/ksl_rom.c">
			<Option compilerVar="CC" />
		</Unit>
		<Unit filename="../src/chipemu/envelope/ksl_rom.h" />
		<Unit filename="../src/chipemu/exp_calc.c">
			<Option compilerVar="CC" />
			<Option target="ChipDebug" />
		</Unit>
		<Unit filename="../src/chipemu/logsin_calc.c">
			<Option compilerVar="CC" />
			<Option target="ChipDebug" />
		</Unit>
		<Unit filename="../src/chipemu/operator/exp_rom.c">
			<Option compilerVar="CC" />
		</Unit>
		<Unit filename="../src/chipemu/operator/exp_rom.h" />
		<Unit filename="../src/chipemu/operator/logsin_rom.c">
			<Option compilerVar="CC" />
		</Unit>
		<Unit filename="../src/chipemu/operator/logsin_rom.h" />
		<Unit filename="../src/chipemu/operator/operator.c">
			<Option compilerVar="CC" />
		</Unit>
		<Unit filename="../src/chipemu/operator/operator.h" />
		<Unit filename="../src/main.c">
			<Option compilerVar="CC" />
			<Option target="Debug" />
			<Option target="Release" />
		</Unit>
		<Unit filename="../src/rdosraw.c">
			<Option compilerVar="CC" />
		</Unit>
		<Unit filename="../src/rdosraw.h" />
		<Unit filename="../src/wave_out.c">
			<Option compilerVar="CC" />
		</Unit>
		<Unit filename="../src/wave_out.h" />
		<Extensions>
			<code_completion />
			<debugger />
		</Extensions>
	</Project>
</CodeBlocks_project_file>
